// !$*UTF8*$!
{
	archiveVersion = 1;
	classes = {};
	objectVersion = 56;
	objects = {

/* Begin PBXBuildFile section */
		B10000000000000000000001 /* AppDelegate.swift in Sources */ = {isa = PBXBuildFile; fileRef = A10000000000000000000001 /* AppDelegate.swift */; };
		B10000000000000000000002 /* SceneDelegate.swift in Sources */ = {isa = PBXBuildFile; fileRef = A10000000000000000000002 /* SceneDelegate.swift */; };
		B10000000000000000000003 /* TabelaHostViewController.swift in Sources */ = {isa = PBXBuildFile; fileRef = A10000000000000000000003 /* TabelaHostViewController.swift */; };
		B10000000000000000000004 /* TabelaARBridge.swift in Sources */ = {isa = PBXBuildFile; fileRef = A10000000000000000000004 /* TabelaARBridge.swift */; };
		B10000000000000000000005 /* TabelaLiDAREngine.swift in Sources */ = {isa = PBXBuildFile; fileRef = A10000000000000000000005 /* TabelaLiDAREngine.swift */; };
		B10000000000000000000006 /* TabelaMetricEngine.swift in Sources */ = {isa = PBXBuildFile; fileRef = A10000000000000000000006 /* TabelaMetricEngine.swift */; };
		B10000000000000000000007 /* TabelaVisionOCR.swift in Sources */ = {isa = PBXBuildFile; fileRef = A10000000000000000000007 /* TabelaVisionOCR.swift */; };
/* End PBXBuildFile section */

/* Begin PBXFileReference section */
		A10000000000000000000001 /* AppDelegate.swift */ = {isa = PBXFileReference; lastKnownFileType = sourcecode.swift; path = AppDelegate.swift; sourceTree = "<group>"; };
		A10000000000000000000002 /* SceneDelegate.swift */ = {isa = PBXFileReference; lastKnownFileType = sourcecode.swift; path = SceneDelegate.swift; sourceTree = "<group>"; };
		A10000000000000000000003 /* TabelaHostViewController.swift */ = {isa = PBXFileReference; lastKnownFileType = sourcecode.swift; path = ../TabelaHostViewController.swift; sourceTree = "<group>"; };
		A10000000000000000000004 /* TabelaARBridge.swift */ = {isa = PBXFileReference; lastKnownFileType = sourcecode.swift; path = ../TabelaARBridge.swift; sourceTree = "<group>"; };
		A10000000000000000000005 /* TabelaLiDAREngine.swift */ = {isa = PBXFileReference; lastKnownFileType = sourcecode.swift; path = ../TabelaLiDAREngine.swift; sourceTree = "<group>"; };
		A10000000000000000000006 /* TabelaMetricEngine.swift */ = {isa = PBXFileReference; lastKnownFileType = sourcecode.swift; path = ../TabelaMetricEngine.swift; sourceTree = "<group>"; };
		A10000000000000000000007 /* TabelaVisionOCR.swift */ = {isa = PBXFileReference; lastKnownFileType = sourcecode.swift; path = ../TabelaVisionOCR.swift; sourceTree = "<group>"; };
		A10000000000000000000008 /* Info.plist */ = {isa = PBXFileReference; lastKnownFileType = text.plist.xml; path = Info.plist; sourceTree = "<group>"; };
		A10000000000000000000009 /* TabelaAI.app */ = {isa = PBXFileReference; explicitFileType = wrapper.application; includeInIndex = 0; path = TabelaAI.app; sourceTree = BUILT_PRODUCTS_DIR; };
/* End PBXFileReference section */

/* Begin PBXFrameworksBuildPhase section */
		F10000000000000000000001 /* Frameworks */ = {
			isa = PBXFrameworksBuildPhase;
			buildActionMask = 2147483647;
			files = ();
			runOnlyForDeploymentPostprocessing = 0;
		};
/* End PBXFrameworksBuildPhase section */

/* Begin PBXGroup section */
		G10000000000000000000001 = {
			isa = PBXGroup;
			children = (
				G10000000000000000000002 /* TabelaAI */,
				G10000000000000000000003 /* Native Sources */,
				G10000000000000000000004 /* Products */,
			);
			sourceTree = "<group>";
		};
		G10000000000000000000002 /* TabelaAI */ = {
			isa = PBXGroup;
			children = (
				A10000000000000000000001 /* AppDelegate.swift */,
				A10000000000000000000002 /* SceneDelegate.swift */,
				A10000000000000000000008 /* Info.plist */,
			);
			path = TabelaAI;
			sourceTree = "<group>";
		};
		G10000000000000000000003 /* Native Sources */ = {
			isa = PBXGroup;
			children = (
				A10000000000000000000003 /* TabelaHostViewController.swift */,
				A10000000000000000000004 /* TabelaARBridge.swift */,
				A10000000000000000000005 /* TabelaLiDAREngine.swift */,
				A10000000000000000000006 /* TabelaMetricEngine.swift */,
				A10000000000000000000007 /* TabelaVisionOCR.swift */,
			);
			name = "Native Sources";
			sourceTree = "<group>";
		};
		G10000000000000000000004 /* Products */ = {
			isa = PBXGroup;
			children = (
				A10000000000000000000009 /* TabelaAI.app */,
			);
			name = Products;
			sourceTree = "<group>";
		};
/* End PBXGroup section */

/* Begin PBXNativeTarget section */
		T10000000000000000000001 /* TabelaAI */ = {
			isa = PBXNativeTarget;
			buildConfigurationList = L100000000000000000000002 /* Build configuration list for PBXNativeTarget "TabelaAI" */;
			buildPhases = (
				S10000000000000000000001 /* Sources */,
				F10000000000000000000001 /* Frameworks */,
				R10000000000000000000001 /* Resources */,
			);
			buildRules = ();
			dependencies = ();
			name = TabelaAI;
			productName = TabelaAI;
			productReference = A10000000000000000000009 /* TabelaAI.app */;
			productType = "com.apple.product-type.application";
		};
/* End PBXNativeTarget section */

/* Begin PBXProject section */
		P10000000000000000000001 /* Project object */ = {
			isa = PBXProject;
			attributes = {
				BuildIndependentTargetsInParallel = 1;
				LastSwiftUpdateCheck = 1600;
				LastUpgradeCheck = 1600;
				TargetAttributes = {
					T10000000000000000000001 = { CreatedOnToolsVersion = 16.0; };
				};
			};
			buildConfigurationList = L100000000000000000000001 /* Build configuration list for PBXProject "TabelaAI" */;
			compatibilityVersion = "Xcode 14.0";
			developmentRegion = tr;
			hasScannedForEncodings = 0;
			knownRegions = (tr, en, Base);
			mainGroup = G10000000000000000000001;
			productRefGroup = G10000000000000000000004 /* Products */;
			projectDirPath = "";
			projectRoot = "";
			targets = (T10000000000000000000001 /* TabelaAI */);
		};
/* End PBXProject section */

/* Begin PBXResourcesBuildPhase section */
		R10000000000000000000001 /* Resources */ = {
			isa = PBXResourcesBuildPhase;
			buildActionMask = 2147483647;
			files = ();
			runOnlyForDeploymentPostprocessing = 0;
		};
/* End PBXResourcesBuildPhase section */

/* Begin PBXSourcesBuildPhase section */
		S10000000000000000000001 /* Sources */ = {
			isa = PBXSourcesBuildPhase;
			buildActionMask = 2147483647;
			files = (
				B10000000000000000000001 /* AppDelegate.swift in Sources */,
				B10000000000000000000002 /* SceneDelegate.swift in Sources */,
				B10000000000000000000003 /* TabelaHostViewController.swift in Sources */,
				B10000000000000000000004 /* TabelaARBridge.swift in Sources */,
				B10000000000000000000005 /* TabelaLiDAREngine.swift in Sources */,
				B10000000000000000000006 /* TabelaMetricEngine.swift in Sources */,
				B10000000000000000000007 /* TabelaVisionOCR.swift in Sources */,
			);
			runOnlyForDeploymentPostprocessing = 0;
		};
/* End PBXSourcesBuildPhase section */

/* Begin XCBuildConfiguration section */
		C10000000000000000000001 /* Debug */ = {
			isa = XCBuildConfiguration;
			buildSettings = {
				CLANG_ENABLE_MODULES = YES;
				CLANG_ENABLE_OBJC_ARC = YES;
				COPY_PHASE_STRIP = NO;
				DEBUG_INFORMATION_FORMAT = dwarf;
				ENABLE_TESTABILITY = YES;
				GCC_C_LANGUAGE_STANDARD = gnu17;
				GCC_OPTIMIZATION_LEVEL = 0;
				IPHONEOS_DEPLOYMENT_TARGET = 15.0;
				ONLY_ACTIVE_ARCH = YES;
				SDKROOT = iphoneos;
				SWIFT_ACTIVE_COMPILATION_CONDITIONS = DEBUG;
				SWIFT_OPTIMIZATION_LEVEL = "-Onone";
		};
			name = Debug;
		};
		C10000000000000000000002 /* Release */ = {
			isa = XCBuildConfiguration;
			buildSettings = {
				CLANG_ENABLE_MODULES = YES;
				CLANG_ENABLE_OBJC_ARC = YES;
				COPY_PHASE_STRIP = NO;
				DEBUG_INFORMATION_FORMAT = "dwarf-with-dsym";
				ENABLE_NS_ASSERTIONS = NO;
				GCC_C_LANGUAGE_STANDARD = gnu17;
				IPHONEOS_DEPLOYMENT_TARGET = 15.0;
				SDKROOT = iphoneos;
				SWIFT_COMPILATION_MODE = wholemodule;
				SWIFT_OPTIMIZATION_LEVEL = "-O";
		};
			name = Release;
		};
		D10000000000000000000001 /* Debug */ = {
			isa = XCBuildConfiguration;
			buildSettings = {
				CODE_SIGN_STYLE = Automatic;
				CURRENT_PROJECT_VERSION = 1;
				GENERATE_INFOPLIST_FILE = NO;
				INFOPLIST_FILE = TabelaAI/Info.plist;
				IPHONEOS_DEPLOYMENT_TARGET = 15.0;
				LD_RUNPATH_SEARCH_PATHS = "$(inherited) @executable_path/Frameworks";
				MARKETING_VERSION = 11.0.0;
				PRODUCT_BUNDLE_IDENTIFIER = com.tabelaai.mobile;
				PRODUCT_NAME = "$(TARGET_NAME)";
				SUPPORTED_PLATFORMS = "iphoneos iphonesimulator";
				SWIFT_EMIT_LOC_STRINGS = YES;
				SWIFT_VERSION = 5.0;
				TARGETED_DEVICE_FAMILY = 1;
			};
			name = Debug;
		};
		D10000000000000000000002 /* Release */ = {
			isa = XCBuildConfiguration;
			buildSettings = {
				CODE_SIGN_STYLE = Automatic;
				CURRENT_PROJECT_VERSION = 1;
				GENERATE_INFOPLIST_FILE = NO;
				INFOPLIST_FILE = TabelaAI/Info.plist;
				IPHONEOS_DEPLOYMENT_TARGET = 15.0;
				LD_RUNPATH_SEARCH_PATHS = "$(inherited) @executable_path/Frameworks";
				MARKETING_VERSION = 11.0.0;
				PRODUCT_BUNDLE_IDENTIFIER = com.tabelaai.mobile;
				PRODUCT_NAME = "$(TARGET_NAME)";
				SUPPORTED_PLATFORMS = "iphoneos iphonesimulator";
				SWIFT_EMIT_LOC_STRINGS = YES;
				SWIFT_VERSION = 5.0;
				TARGETED_DEVICE_FAMILY = 1;
			};
			name = Release;
		};
/* End XCBuildConfiguration section */

/* Begin XCConfigurationList section */
		L100000000000000000000001 /* Build configuration list for PBXProject "TabelaAI" */ = {
			isa = XCConfigurationList;
			buildConfigurations = (C10000000000000000000001 /* Debug */, C10000000000000000000002 /* Release */);
			defaultConfigurationIsVisible = 0;
			defaultConfigurationName = Release;
		};
		L100000000000000000000002 /* Build configuration list for PBXNativeTarget "TabelaAI" */ = {
			isa = XCConfigurationList;
			buildConfigurations = (D10000000000000000000001 /* Debug */, D10000000000000000000002 /* Release */);
			defaultConfigurationIsVisible = 0;
			defaultConfigurationName = Release;
		};
/* End XCConfigurationList section */
	};
	rootObject = P10000000000000000000001 /* Project object */;
}
